
Microsoft Visual Studio Solution File, Format Version 12.00
# Visual Studio 2017
Project("{FAE04EC0-301F-11D3-BF4B-00C04F79EFBC}") = "Apple Catch", "Apple Catch.csproj", "{58DECE9C-B6F3-3A37-14E2-F7E202741C64}"
EndProject
Global
	GlobalSection(SolutionConfigurationPlatforms) = preSolution
		Debug|Any CPU = Debug|Any CPU
		Release|Any CPU = Release|Any CPU
	EndGlobalSection
	GlobalSection(ProjectConfigurationPlatforms) = postSolution
		{58DECE9C-B6F3-3A37-14E2-F7E202741C64}.Debug|Any CPU.ActiveCfg = Debug|Any CPU
		{58DECE9C-B6F3-3A37-14E2-F7E202741C64}.Debug|Any CPU.Build.0 = Debug|Any CPU
		{58DECE9C-B6F3-3A37-14E2-F7E202741C64}.Release|Any CPU.ActiveCfg = Release|Any CPU
		{58DECE9C-B6F3-3A37-14E2-F7E202741C64}.Release|Any CPU.Build.0 = Release|Any CPU
	EndGlobalSection
	GlobalSection(SolutionProperties) = preSolution
		HideSolutionNode = FALSE
	EndGlobalSection
EndGlobal
